// !$*UTF8*$!
{
	archiveVersion = 1;
	classes = {
	};
	objectVersion = 50;
	objects = {

/* Begin PBXBuildFile section */
		B195AE1328E011C000B4A399 /* AppDelegate.swift in Sources */ = {isa = PBXBuildFile; fileRef = B195AE1228E011C000B4A399 /* AppDelegate.swift */; };
		B195AE1528E011C000B4A399 /* SceneDelegate.swift in Sources */ = {isa = PBXBuildFile; fileRef = B195AE1428E011C000B4A399 /* SceneDelegate.swift */; };
		B195AE1728E011C000B4A399 /* ViewController.swift in Sources */ = {isa = PBXBuildFile; fileRef = B195AE1628E011C000B4A399 /* ViewController.swift */; };
		B195AE1A28E011C000B4A399 /* Main.storyboard in Resources */ = {isa = PBXBuildFile; fileRef = B195AE1828E011C000B4A399 /* Main.storyboard */; };
		B195AE1C28E011D200B4A399 /* Assets.xcassets in Resources */ = {isa = PBXBuildFile; fileRef = B195AE1B28E011D200B4A399 /* Assets.xcassets */; };
		B195AE1F28E011D200B4A399 /* LaunchScreen.storyboard in Resources */ = {isa = PBXBuildFile; fileRef = B195AE1D28E011D200B4A399 /* LaunchScreen.storyboard */; };
		B195AE2F28E0322A00B4A399 /* TouristCell.swift in Sources */ = {isa = PBXBuildFile; fileRef = B195AE2D28E0322A00B4A399 /* TouristCell.swift */; };
		B195AE3028E0322A00B4A399 /* TouristCell.xib in Resources */ = {isa = PBXBuildFile; fileRef = B195AE2E28E0322A00B4A399 /* TouristCell.xib */; };
/* End PBXBuildFile section */

/* Begin PBXFileReference section */
		B195AE0F28E011C000B4A399 /* Tourist App.app */ = {isa = PBXFileReference; explicitFileType = wrapper.application; includeInIndex = 0; path = "Tourist App.app"; sourceTree = BUILT_PRODUCTS_DIR; };
		B195AE1228E011C000B4A399 /* AppDelegate.swift */ = {isa = PBXFileReference; lastKnownFileType = sourcecode.swift; path = AppDelegate.swift; sourceTree = "<group>"; };
		B195AE1428E011C000B4A399 /* SceneDelegate.swift */ = {isa = PBXFileReference; lastKnownFileType = sourcecode.swift; path = SceneDelegate.swift; sourceTree = "<group>"; };
		B195AE1628E011C000B4A399 /* ViewController.swift */ = {isa = PBXFileReference; lastKnownFileType = sourcecode.swift; path = ViewController.swift; sourceTree = "<group>"; };
		B195AE1928E011C000B4A399 /* Base */ = {isa = PBXFileReference; lastKnownFileType = file.storyboard; name = Base; path = Base.lproj/Main.storyboard; sourceTree = "<group>"; };
		B195AE1B28E011D200B4A399 /* Assets.xcassets */ = {isa = PBXFileReference; lastKnownFileType = folder.assetcatalog; path = Assets.xcassets; sourceTree = "<group>"; };
		B195AE1E28E011D200B4A399 /* Base */ = {isa = PBXFileReference; lastKnownFileType = file.storyboard; name = Base; path = Base.lproj/LaunchScreen.storyboard; sourceTree = "<group>"; };
		B195AE2028E011D200B4A399 /* Info.plist */ = {isa = PBXFileReference; lastKnownFileType = text.plist.xml; path = Info.plist; sourceTree = "<group>"; };
		B195AE2D28E0322A00B4A399 /* TouristCell.swift */ = {isa = PBXFileReference; lastKnownFileType = sourcecode.swift; path = TouristCell.swift; sourceTree = "<group>"; };
		B195AE2E28E0322A00B4A399 /* TouristCell.xib */ = {isa = PBXFileReference; lastKnownFileType = file.xib; path = TouristCell.xib; sourceTree = "<group>"; };
/* End PBXFileReference section */

/* Begin PBXFrameworksBuildPhase section */
		B195AE0C28E011BF00B4A399 /* Frameworks */ = {
			isa = PBXFrameworksBuildPhase;
			buildActionMask = 2147483647;
			files = (
			);
			runOnlyForDeploymentPostprocessing = 0;
		};
/* End PBXFrameworksBuildPhase section */

/* Begin PBXGroup section */
		B195AE0628E011BF00B4A399 = {
			isa = PBXGroup;
			children = (
				B195AE1128E011C000B4A399 /* Tourist App */,
				B195AE1028E011C000B4A399 /* Products */,
			);
			sourceTree = "<group>";
		};
		B195AE1028E011C000B4A399 /* Products */ = {
			isa = PBXGroup;
			children = (
				B195AE0F28E011C000B4A399 /* Tourist App.app */,
			);
			name = Products;
			sourceTree = "<group>";
		};
		B195AE1128E011C000B4A399 /* Tourist App */ = {
			isa = PBXGroup;
			children = (
				B195AE1228E011C000B4A399 /* AppDelegate.swift */,
				B195AE1428E011C000B4A399 /* SceneDelegate.swift */,
				B195AE1628E011C000B4A399 /* ViewController.swift */,
				B195AE1828E011C000B4A399 /* Main.storyboard */,
				B195AE1B28E011D200B4A399 /* Assets.xcassets */,
				B195AE1D28E011D200B4A399 /* LaunchScreen.storyboard */,
				B195AE2028E011D200B4A399 /* Info.plist */,
				B195AE2D28E0322A00B4A399 /* TouristCell.swift */,
				B195AE2E28E0322A00B4A399 /* TouristCell.xib */,
			);
			path = "Tourist App";
			sourceTree = "<group>";
		};
/* End PBXGroup section */

/* Begin PBXNativeTarget section */
		B195AE0E28E011BF00B4A399 /* Tourist App */ = {
			isa = PBXNativeTarget;
			buildConfigurationList = B195AE2328E011D200B4A399 /* Build configuration list for PBXNativeTarget "Tourist App" */;
			buildPhases = (
				B195AE0B28E011BF00B4A399 /* Sources */,
				B195AE0C28E011BF00B4A399 /* Frameworks */,
				B195AE0D28E011BF00B4A399 /* Resources */,
			);
			buildRules = (
			);
			dependencies = (
			);
			name = "Tourist App";
			productName = "Tourist App";
			productReference = B195AE0F28E011C000B4A399 /* Tourist App.app */;
			productType = "com.apple.product-type.application";
		};
/* End PBXNativeTarget section */

/* Begin PBXProject section */
		B195AE0728E011BF00B4A399 /* Project object */ = {
			isa = PBXProject;
			attributes = {
				LastSwiftUpdateCheck = 1220;
				LastUpgradeCheck = 1220;
				TargetAttributes = {
					B195AE0E28E011BF00B4A399 = {
						CreatedOnToolsVersion = 12.2;
					};
				};
			};
			buildConfigurationList = B195AE0A28E011BF00B4A399 /* Build configuration list for PBXProject "Tourist App" */;
			compatibilityVersion = "Xcode 9.3";
			developmentRegion = en;
			hasScannedForEncodings = 0;
			knownRegions = (
				en,
				Base,
			);
			mainGroup = B195AE0628E011BF00B4A399;
			productRefGroup = B195AE1028E011C000B4A399 /* Products */;
			projectDirPath = "";
			projectRoot = "";
			targets = (
				B195AE0E28E011BF00B4A399 /* Tourist App */,
			);
		};
/* End PBXProject section */

/* Begin PBXResourcesBuildPhase section */
		B195AE0D28E011BF00B4A399 /* Resources */ = {
			isa = PBXResourcesBuildPhase;
			buildActionMask = 2147483647;
			files = (
				B195AE1F28E011D200B4A399 /* LaunchScreen.storyboard in Resources */,
				B195AE1C28E011D200B4A399 /* Assets.xcassets in Resources */,
				B195AE3028E0322A00B4A399 /* TouristCell.xib in Resources */,
				B195AE1A28E011C000B4A399 /* Main.storyboard in Resources */,
			);
			runOnlyForDeploymentPostprocessing = 0;
		};
/* End PBXResourcesBuildPhase section */

/* Begin PBXSourcesBuildPhase section */
		B195AE0B28E011BF00B4A399 /* Sources */ = {
			isa = PBXSourcesBuildPhase;
			buildActionMask = 2147483647;
			files = (
				B195AE1728E011C000B4A399 /* ViewController.swift in Sources */,
				B195AE1328E011C000B4A399 /* AppDelegate.swift in Sources */,
				B195AE2F28E0322A00B4A399 /* TouristCell.swift in Sources */,
				B195AE1528E011C000B4A399 /* SceneDelegate.swift in Sources */,
			);
			runOnlyForDeploymentPostprocessing = 0;
		};
/* End PBXSourcesBuildPhase section */

/* Begin PBXVariantGroup section */
		B195AE1828E011C000B4A399 /* Main.storyboard */ = {
			isa = PBXVariantGroup;
			children = (
				B195AE1928E011C000B4A399 /* Base */,
			);
			name = Main.storyboard;
			sourceTree = "<group>";
		};
		B195AE1D28E011D200B4A399 /* LaunchScreen.storyboard */ = {
			isa = PBXVariantGroup;
			children = (
				B195AE1E28E011D200B4A399 /* Base */,
			);
			name = LaunchScreen.storyboard;
			sourceTree = "<group>";
		};
/* End PBXVariantGroup section */

/* Begin XCBuildConfiguration section */
		B195AE2128E011D200B4A399 /* Debug */ = {
			isa = XCBuildConfiguration;
			buildSettings = {
				ALWAYS_SEARCH_USER_PATHS = NO;
				CLANG_ANALYZER_NONNULL = YES;
				CLANG_ANALYZER_NUMBER_OBJECT_CONVERSION = YES_AGGRESSIVE;
				CLANG_CXX_LANGUAGE_STANDARD = "gnu++14";
				CLANG_CXX_LIBRARY = "libc++";
				CLANG_ENABLE_MODULES = YES;
				CLANG_ENABLE_OBJC_ARC = YES;
				CLANG_ENABLE_OBJC_WEAK = YES;
				CLANG_WARN_BLOCK_CAPTURE_AUTORELEASING = YES;
				CLANG_WARN_BOOL_CONVERSION = YES;
				CLANG_WARN_COMMA = YES;
				CLANG_WARN_CONSTANT_CONVERSION = YES;
				CLANG_WARN_DEPRECATED_OBJC_IMPLEMENTATIONS = YES;
				CLANG_WARN_DIRECT_OBJC_ISA_USAGE = YES_ERROR;
				CLANG_WARN_DOCUMENTATION_COMMENTS = YES;
				CLANG_WARN_EMPTY_BODY = YES;
				CLANG_WARN_ENUM_CONVERSION = YES;
				CLANG_WARN_INFINITE_RECURSION = YES;
				CLANG_WARN_INT_CONVERSION = YES;
				CLANG_WARN_NON_LITERAL_NULL_CONVERSION = YES;
				CLANG_WARN_OBJC_IMPLICIT_RETAIN_SELF = YES;
				CLANG_WARN_OBJC_LITERAL_CONVERSION = YES;
				CLANG_WARN_OBJC_ROOT_CLASS = YES_ERROR;
				CLANG_WARN_QUOTED_INCLUDE_IN_FRAMEWORK_HEADER = YES;
				CLANG_WARN_RANGE_LOOP_ANALYSIS = YES;
				CLANG_WARN_STRICT_PROTOTYPES = YES;
				CLANG_WARN_SUSPICIOUS_MOVE = YES;
				CLANG_WARN_UNGUARDED_AVAILABILITY = YES_AGGRESSIVE;
				CLANG_WARN_UNREACHABLE_CODE = YES;
				CLANG_WARN__DUPLICATE_METHOD_MATCH = YES;
				COPY_PHASE_STRIP = NO;
				DEBUG_INFORMATION_FORMAT = dwarf;
				ENABLE_STRICT_OBJC_MSGSEND = YES;
				ENABLE_TESTABILITY = YES;
				GCC_C_LANGUAGE_STANDARD = gnu11;
				GCC_DYNAMIC_NO_PIC = NO;
				GCC_NO_COMMON_BLOCKS = YES;
				GCC_OPTIMIZATION_LEVEL = 0;
				GCC_PREPROCESSOR_DEFINITIONS = (
					"DEBUG=1",
					"$(inherited)",
				);
				GCC_WARN_64_TO_32_BIT_CONVERSION = YES;
				GCC_WARN_ABOUT_RETURN_TYPE = YES_ERROR;
				GCC_WARN_UNDECLARED_SELECTOR = YES;
				GCC_WARN_UNINITIALIZED_AUTOS = YES_AGGRESSIVE;
				GCC_WARN_UNUSED_FUNCTION = YES;
				GCC_WARN_UNUSED_VARIABLE = YES;
				IPHONEOS_DEPLOYMENT_TARGET = 14.2;
				MTL_ENABLE_DEBUG_INFO = INCLUDE_SOURCE;
				MTL_FAST_MATH = YES;
				ONLY_ACTIVE_ARCH = YES;
				SDKROOT = iphoneos;
				SWIFT_ACTIVE_COMPILATION_CONDITIONS = DEBUG;
				SWIFT_OPTIMIZATION_LEVEL = "-Onone";
			};
			name = Debug;
		};
		B195AE2228E011D200B4A399 /* Release */ = {
			isa = XCBuildConfiguration;
			buildSettings = {
				ALWAYS_SEARCH_USER_PATHS = NO;
				CLANG_ANALYZER_NONNULL = YES;
				CLANG_ANALYZER_NUMBER_OBJECT_CONVERSION = YES_AGGRESSIVE;
				CLANG_CXX_LANGUAGE_STANDARD = "gnu++14";
				CLANG_CXX_LIBRARY = "libc++";
				CLANG_ENABLE_MODULES = YES;
				CLANG_ENABLE_OBJC_ARC = YES;
				CLANG_ENABLE_OBJC_WEAK = YES;
				CLANG_WARN_BLOCK_CAPTURE_AUTORELEASING = YES;
				CLANG_WARN_BOOL_CONVERSION = YES;
				CLANG_WARN_COMMA = YES;
				CLANG_WARN_CONSTANT_CONVERSION = YES;
				CLANG_WARN_DEPRECATED_OBJC_IMPLEMENTATIONS = YES;
				CLANG_WARN_DIRECT_OBJC_ISA_USAGE = YES_ERROR;
				CLANG_WARN_DOCUMENTATION_COMMENTS = YES;
				CLANG_WARN_EMPTY_BODY = YES;
				CLANG_WARN_ENUM_CONVERSION = YES;
				CLANG_WARN_INFINITE_RECURSION = YES;
				CLANG_WARN_INT_CONVERSION = YES;
				CLANG_WARN_NON_LITERAL_NULL_CONVERSION = YES;
				CLANG_WARN_OBJC_IMPLICIT_RETAIN_SELF = YES;
				CLANG_WARN_OBJC_LITERAL_CONVERSION = YES;
				CLANG_WARN_OBJC_ROOT_CLASS = YES_ERROR;
				CLANG_WARN_QUOTED_INCLUDE_IN_FRAMEWORK_HEADER = YES;
				CLANG_WARN_RANGE_LOOP_ANALYSIS = YES;
				CLANG_WARN_STRICT_PROTOTYPES = YES;
				CLANG_WARN_SUSPICIOUS_MOVE = YES;
				CLANG_WARN_UNGUARDED_AVAILABILITY = YES_AGGRESSIVE;
				CLANG_WARN_UNREACHABLE_CODE = YES;
				CLANG_WARN__DUPLICATE_METHOD_MATCH = YES;
				COPY_PHASE_STRIP = NO;
				DEBUG_INFORMATION_FORMAT = "dwarf-with-dsym";
				ENABLE_NS_ASSERTIONS = NO;
				ENABLE_STRICT_OBJC_MSGSEND = YES;
				GCC_C_LANGUAGE_STANDARD = gnu11;
				GCC_NO_COMMON_BLOCKS = YES;
				GCC_WARN_64_TO_32_BIT_CONVERSION = YES;
				GCC_WARN_ABOUT_RETURN_TYPE = YES_ERROR;
				GCC_WARN_UNDECLARED_SELECTOR = YES;
				GCC_WARN_UNINITIALIZED_AUTOS = YES_AGGRESSIVE;
				GCC_WARN_UNUSED_FUNCTION = YES;
				GCC_WARN_UNUSED_VARIABLE = YES;
				IPHONEOS_DEPLOYMENT_TARGET = 14.2;
				MTL_ENABLE_DEBUG_INFO = NO;
				MTL_FAST_MATH = YES;
				SDKROOT = iphoneos;
				SWIFT_COMPILATION_MODE = wholemodule;
				SWIFT_OPTIMIZATION_LEVEL = "-O";
				VALIDATE_PRODUCT = YES;
			};
			name = Release;
		};
		B195AE2428E011D200B4A399 /* Debug */ = {
			isa = XCBuildConfiguration;
			buildSettings = {
				ASSETCATALOG_COMPILER_APPICON_NAME = AppIcon;
				ASSETCATALOG_COMPILER_GLOBAL_ACCENT_COLOR_NAME = AccentColor;
				CODE_SIGN_STYLE = Automatic;
				INFOPLIST_FILE = "Tourist App/Info.plist";
				LD_RUNPATH_SEARCH_PATHS = (
					"$(inherited)",
					"@executable_path/Frameworks",
				);
				PRODUCT_BUNDLE_IDENTIFIER = "edu.northeastern.zhiwei.Tourist-App";
				PRODUCT_NAME = "$(TARGET_NAME)";
				SWIFT_VERSION = 5.0;
				TARGETED_DEVICE_FAMILY = "1,2";
			};
			name = Debug;
		};
		B195AE2528E011D200B4A399 /* Release */ = {
			isa = XCBuildConfiguration;
			buildSettings = {
				ASSETCATALOG_COMPILER_APPICON_NAME = AppIcon;
				ASSETCATALOG_COMPILER_GLOBAL_ACCENT_COLOR_NAME = AccentColor;
				CODE_SIGN_STYLE = Automatic;
				INFOPLIST_FILE = "Tourist App/Info.plist";
				LD_RUNPATH_SEARCH_PATHS = (
					"$(inherited)",
					"@executable_path/Frameworks",
				);
				PRODUCT_BUNDLE_IDENTIFIER = "edu.northeastern.zhiwei.Tourist-App";
				PRODUCT_NAME = "$(TARGET_NAME)";
				SWIFT_VERSION = 5.0;
				TARGETED_DEVICE_FAMILY = "1,2";
			};
			name = Release;
		};
/* End XCBuildConfiguration section */

/* Begin XCConfigurationList section */
		B195AE0A28E011BF00B4A399 /* Build configuration list for PBXProject "Tourist App" */ = {
			isa = XCConfigurationList;
			buildConfigurations = (
				B195AE2128E011D200B4A399 /* Debug */,
				B195AE2228E011D200B4A399 /* Release */,
			);
			defaultConfigurationIsVisible = 0;
			defaultConfigurationName = Release;
		};
		B195AE2328E011D200B4A399 /* Build configuration list for PBXNativeTarget "Tourist App" */ = {
			isa = XCConfigurationList;
			buildConfigurations = (
				B195AE2428E011D200B4A399 /* Debug */,
				B195AE2528E011D200B4A399 /* Release */,
			);
			defaultConfigurationIsVisible = 0;
			defaultConfigurationName = Release;
		};
/* End XCConfigurationList section */
	};
	rootObject = B195AE0728E011BF00B4A399 /* Project object */;
}
